
Microsoft Visual Studio Solution File, Format Version 12.00
# Visual Studio Version 17
VisualStudioVersion = 17.0.31903.59
MinimumVisualStudioVersion = 10.0.40219.1
Project("{2150E333-8FDC-42A3-9474-1A3956D46DE8}") = "services", "services", "{E74B8C8B-F043-4BB3-B8B4-48A02F6D252A}"
EndProject
Project("{FAE04EC0-301F-11D3-BF4B-00C04F79EFBC}") = "Play.Catalog.Service", "services\Play.Catalog.Service\Play.Catalog.Service.csproj", "{461A7B37-1835-4776-85A2-285646778ADA}"
EndProject
Project("{FAE04EC0-301F-11D3-BF4B-00C04F79EFBC}") = "Play.Inventory.Service", "services\Play.Inventory.Service\Play.Inventory.Service.csproj", "{0BECEC3C-461E-4005-8840-4B7D7F915946}"
EndProject
Global
	GlobalSection(SolutionConfigurationPlatforms) = preSolution
		Debug|Any CPU = Debug|Any CPU
		Release|Any CPU = Release|Any CPU
	EndGlobalSection
	GlobalSection(SolutionProperties) = preSolution
		HideSolutionNode = FALSE
	EndGlobalSection
	GlobalSection(ProjectConfigurationPlatforms) = postSolution
		{461A7B37-1835-4776-85A2-285646778ADA}.Debug|Any CPU.ActiveCfg = Debug|Any CPU
		{461A7B37-1835-4776-85A2-285646778ADA}.Debug|Any CPU.Build.0 = Debug|Any CPU
		{461A7B37-1835-4776-85A2-285646778ADA}.Release|Any CPU.ActiveCfg = Release|Any CPU
		{461A7B37-1835-4776-85A2-285646778ADA}.Release|Any CPU.Build.0 = Release|Any CPU
		{0BECEC3C-461E-4005-8840-4B7D7F915946}.Debug|Any CPU.ActiveCfg = Debug|Any CPU
		{0BECEC3C-461E-4005-8840-4B7D7F915946}.Debug|Any CPU.Build.0 = Debug|Any CPU
		{0BECEC3C-461E-4005-8840-4B7D7F915946}.Release|Any CPU.ActiveCfg = Release|Any CPU
		{0BECEC3C-461E-4005-8840-4B7D7F915946}.Release|Any CPU.Build.0 = Release|Any CPU
	EndGlobalSection
	GlobalSection(NestedProjects) = preSolution
		{461A7B37-1835-4776-85A2-285646778ADA} = {E74B8C8B-F043-4BB3-B8B4-48A02F6D252A}
		{0BECEC3C-461E-4005-8840-4B7D7F915946} = {E74B8C8B-F043-4BB3-B8B4-48A02F6D252A}
	EndGlobalSection
EndGlobal
